// !$*UTF8*$!
{
	archiveVersion = 1;
	classes = {
	};
	objectVersion = 56;
	objects = {

/* Begin PBXBuildFile section */
		A9DC151829FCAB550075F290 /* finalbudgetApp.swift in Sources */ = {isa = PBXBuildFile; fileRef = A9DC151729FCAB550075F290 /* finalbudgetApp.swift */; };
		A9DC151A29FCAB550075F290 /* ContentView.swift in Sources */ = {isa = PBXBuildFile; fileRef = A9DC151929FCAB550075F290 /* ContentView.swift */; };
		A9DC151C29FCAB570075F290 /* Assets.xcassets in Resources */ = {isa = PBXBuildFile; fileRef = A9DC151B29FCAB570075F290 /* Assets.xcassets */; };
		A9DC151F29FCAB570075F290 /* Preview Assets.xcassets in Resources */ = {isa = PBXBuildFile; fileRef = A9DC151E29FCAB570075F290 /* Preview Assets.xcassets */; };
		A9DC152929FCAB570075F290 /* finalbudgetTests.swift in Sources */ = {isa = PBXBuildFile; fileRef = A9DC152829FCAB570075F290 /* finalbudgetTests.swift */; };
		A9DC153329FCAB570075F290 /* finalbudgetUITests.swift in Sources */ = {isa = PBXBuildFile; fileRef = A9DC153229FCAB570075F290 /* finalbudgetUITests.swift */; };
		A9DC153529FCAB570075F290 /* finalbudgetUITestsLaunchTests.swift in Sources */ = {isa = PBXBuildFile; fileRef = A9DC153429FCAB570075F290 /* finalbudgetUITestsLaunchTests.swift */; };
		A9DC154329FCABF70075F290 /* Expensefile.swift in Sources */ = {isa = PBXBuildFile; fileRef = A9DC154229FCABF70075F290 /* Expensefile.swift */; };
		A9DC154529FCAC1B0075F290 /* Expensetype.swift in Sources */ = {isa = PBXBuildFile; fileRef = A9DC154429FCAC1B0075F290 /* Expensetype.swift */; };
		A9DC154729FCAC4A0075F290 /* AddView.swift in Sources */ = {isa = PBXBuildFile; fileRef = A9DC154629FCAC4A0075F290 /* AddView.swift */; };
		A9DC154929FCACA40075F290 /* NewExpense.swift in Sources */ = {isa = PBXBuildFile; fileRef = A9DC154829FCACA40075F290 /* NewExpense.swift */; };
		A9DC154B29FCACE60075F290 /* Overview.swift in Sources */ = {isa = PBXBuildFile; fileRef = A9DC154A29FCACE60075F290 /* Overview.swift */; };
		A9DC154D29FCAD3D0075F290 /* Articleview.swift in Sources */ = {isa = PBXBuildFile; fileRef = A9DC154C29FCAD3D0075F290 /* Articleview.swift */; };
		A9DC154F29FCAD690075F290 /* Chartsview.swift in Sources */ = {isa = PBXBuildFile; fileRef = A9DC154E29FCAD690075F290 /* Chartsview.swift */; };
		A9DC155129FCAFF90075F290 /* Extensions.swift in Sources */ = {isa = PBXBuildFile; fileRef = A9DC155029FCAFF90075F290 /* Extensions.swift */; };
		A9DC155429FCB0C10075F290 /* SwiftUICharts in Frameworks */ = {isa = PBXBuildFile; productRef = A9DC155329FCB0C10075F290 /* SwiftUICharts */; };
/* End PBXBuildFile section */

/* Begin PBXContainerItemProxy section */
		A9DC152529FCAB570075F290 /* PBXContainerItemProxy */ = {
			isa = PBXContainerItemProxy;
			containerPortal = A9DC150C29FCAB550075F290 /* Project object */;
			proxyType = 1;
			remoteGlobalIDString = A9DC151329FCAB550075F290;
			remoteInfo = finalbudget;
		};
		A9DC152F29FCAB570075F290 /* PBXContainerItemProxy */ = {
			isa = PBXContainerItemProxy;
			containerPortal = A9DC150C29FCAB550075F290 /* Project object */;
			proxyType = 1;
			remoteGlobalIDString = A9DC151329FCAB550075F290;
			remoteInfo = finalbudget;
		};
/* End PBXContainerItemProxy section */

/* Begin PBXFileReference section */
		A9DC151429FCAB550075F290 /* finalbudget.app */ = {isa = PBXFileReference; explicitFileType = wrapper.application; includeInIndex = 0; path = finalbudget.app; sourceTree = BUILT_PRODUCTS_DIR; };
		A9DC151729FCAB550075F290 /* finalbudgetApp.swift */ = {isa = PBXFileReference; lastKnownFileType = sourcecode.swift; path = finalbudgetApp.swift; sourceTree = "<group>"; };
		A9DC151929FCAB550075F290 /* ContentView.swift */ = {isa = PBXFileReference; lastKnownFileType = sourcecode.swift; path = ContentView.swift; sourceTree = "<group>"; };
		A9DC151B29FCAB570075F290 /* Assets.xcassets */ = {isa = PBXFileReference; lastKnownFileType = folder.assetcatalog; path = Assets.xcassets; sourceTree = "<group>"; };
		A9DC151E29FCAB570075F290 /* Preview Assets.xcassets */ = {isa = PBXFileReference; lastKnownFileType = folder.assetcatalog; path = "Preview Assets.xcassets"; sourceTree = "<group>"; };
		A9DC152429FCAB570075F290 /* finalbudgetTests.xctest */ = {isa = PBXFileReference; explicitFileType = wrapper.cfbundle; includeInIndex = 0; path = finalbudgetTests.xctest; sourceTree = BUILT_PRODUCTS_DIR; };
		A9DC152829FCAB570075F290 /* finalbudgetTests.swift */ = {isa = PBXFileReference; lastKnownFileType = sourcecode.swift; path = finalbudgetTests.swift; sourceTree = "<group>"; };
		A9DC152E29FCAB570075F290 /* finalbudgetUITests.xctest */ = {isa = PBXFileReference; explicitFileType = wrapper.cfbundle; includeInIndex = 0; path = finalbudgetUITests.xctest; sourceTree = BUILT_PRODUCTS_DIR; };
		A9DC153229FCAB570075F290 /* finalbudgetUITests.swift */ = {isa = PBXFileReference; lastKnownFileType = sourcecode.swift; path = finalbudgetUITests.swift; sourceTree = "<group>"; };
		A9DC153429FCAB570075F290 /* finalbudgetUITestsLaunchTests.swift */ = {isa = PBXFileReference; lastKnownFileType = sourcecode.swift; path = finalbudgetUITestsLaunchTests.swift; sourceTree = "<group>"; };
		A9DC154229FCABF70075F290 /* Expensefile.swift */ = {isa = PBXFileReference; lastKnownFileType = sourcecode.swift; path = Expensefile.swift; sourceTree = "<group>"; };
		A9DC154429FCAC1B0075F290 /* Expensetype.swift */ = {isa = PBXFileReference; lastKnownFileType = sourcecode.swift; path = Expensetype.swift; sourceTree = "<group>"; };
		A9DC154629FCAC4A0075F290 /* AddView.swift */ = {isa = PBXFileReference; lastKnownFileType = sourcecode.swift; path = AddView.swift; sourceTree = "<group>"; };
		A9DC154829FCACA40075F290 /* NewExpense.swift */ = {isa = PBXFileReference; lastKnownFileType = sourcecode.swift; path = NewExpense.swift; sourceTree = "<group>"; };
		A9DC154A29FCACE60075F290 /* Overview.swift */ = {isa = PBXFileReference; lastKnownFileType = sourcecode.swift; path = Overview.swift; sourceTree = "<group>"; };
		A9DC154C29FCAD3D0075F290 /* Articleview.swift */ = {isa = PBXFileReference; lastKnownFileType = sourcecode.swift; path = Articleview.swift; sourceTree = "<group>"; };
		A9DC154E29FCAD690075F290 /* Chartsview.swift */ = {isa = PBXFileReference; lastKnownFileType = sourcecode.swift; path = Chartsview.swift; sourceTree = "<group>"; };
		A9DC155029FCAFF90075F290 /* Extensions.swift */ = {isa = PBXFileReference; lastKnownFileType = sourcecode.swift; path = Extensions.swift; sourceTree = "<group>"; };
/* End PBXFileReference section */

/* Begin PBXFrameworksBuildPhase section */
		A9DC151129FCAB550075F290 /* Frameworks */ = {
			isa = PBXFrameworksBuildPhase;
			buildActionMask = 2147483647;
			files = (
				A9DC155429FCB0C10075F290 /* SwiftUICharts in Frameworks */,
			);
			runOnlyForDeploymentPostprocessing = 0;
		};
		A9DC152129FCAB570075F290 /* Frameworks */ = {
			isa = PBXFrameworksBuildPhase;
			buildActionMask = 2147483647;
			files = (
			);
			runOnlyForDeploymentPostprocessing = 0;
		};
		A9DC152B29FCAB570075F290 /* Frameworks */ = {
			isa = PBXFrameworksBuildPhase;
			buildActionMask = 2147483647;
			files = (
			);
			runOnlyForDeploymentPostprocessing = 0;
		};
/* End PBXFrameworksBuildPhase section */

/* Begin PBXGroup section */
		A9DC150B29FCAB550075F290 = {
			isa = PBXGroup;
			children = (
				A9DC151629FCAB550075F290 /* finalbudget */,
				A9DC152729FCAB570075F290 /* finalbudgetTests */,
				A9DC153129FCAB570075F290 /* finalbudgetUITests */,
				A9DC151529FCAB550075F290 /* Products */,
			);
			sourceTree = "<group>";
		};
		A9DC151529FCAB550075F290 /* Products */ = {
			isa = PBXGroup;
			children = (
				A9DC151429FCAB550075F290 /* finalbudget.app */,
				A9DC152429FCAB570075F290 /* finalbudgetTests.xctest */,
				A9DC152E29FCAB570075F290 /* finalbudgetUITests.xctest */,
			);
			name = Products;
			sourceTree = "<group>";
		};
		A9DC151629FCAB550075F290 /* finalbudget */ = {
			isa = PBXGroup;
			children = (
				A9DC154129FCABCC0075F290 /* Views */,
				A9DC151729FCAB550075F290 /* finalbudgetApp.swift */,
				A9DC151929FCAB550075F290 /* ContentView.swift */,
				A9DC151B29FCAB570075F290 /* Assets.xcassets */,
				A9DC151D29FCAB570075F290 /* Preview Content */,
				A9DC155029FCAFF90075F290 /* Extensions.swift */,
			);
			path = finalbudget;
			sourceTree = "<group>";
		};
		A9DC151D29FCAB570075F290 /* Preview Content */ = {
			isa = PBXGroup;
			children = (
				A9DC151E29FCAB570075F290 /* Preview Assets.xcassets */,
			);
			path = "Preview Content";
			sourceTree = "<group>";
		};
		A9DC152729FCAB570075F290 /* finalbudgetTests */ = {
			isa = PBXGroup;
			children = (
				A9DC152829FCAB570075F290 /* finalbudgetTests.swift */,
			);
			path = finalbudgetTests;
			sourceTree = "<group>";
		};
		A9DC153129FCAB570075F290 /* finalbudgetUITests */ = {
			isa = PBXGroup;
			children = (
				A9DC153229FCAB570075F290 /* finalbudgetUITests.swift */,
				A9DC153429FCAB570075F290 /* finalbudgetUITestsLaunchTests.swift */,
			);
			path = finalbudgetUITests;
			sourceTree = "<group>";
		};
		A9DC154129FCABCC0075F290 /* Views */ = {
			isa = PBXGroup;
			children = (
				A9DC154229FCABF70075F290 /* Expensefile.swift */,
				A9DC154429FCAC1B0075F290 /* Expensetype.swift */,
				A9DC154629FCAC4A0075F290 /* AddView.swift */,
				A9DC154829FCACA40075F290 /* NewExpense.swift */,
				A9DC154A29FCACE60075F290 /* Overview.swift */,
				A9DC154C29FCAD3D0075F290 /* Articleview.swift */,
				A9DC154E29FCAD690075F290 /* Chartsview.swift */,
			);
			path = Views;
			sourceTree = "<group>";
		};
/* End PBXGroup section */

/* Begin PBXNativeTarget section */
		A9DC151329FCAB550075F290 /* finalbudget */ = {
			isa = PBXNativeTarget;
			buildConfigurationList = A9DC153829FCAB570075F290 /* Build configuration list for PBXNativeTarget "finalbudget" */;
			buildPhases = (
				A9DC151029FCAB550075F290 /* Sources */,
				A9DC151129FCAB550075F290 /* Frameworks */,
				A9DC151229FCAB550075F290 /* Resources */,
			);
			buildRules = (
			);
			dependencies = (
			);
			name = finalbudget;
			packageProductDependencies = (
				A9DC155329FCB0C10075F290 /* SwiftUICharts */,
			);
			productName = finalbudget;
			productReference = A9DC151429FCAB550075F290 /* finalbudget.app */;
			productType = "com.apple.product-type.application";
		};
		A9DC152329FCAB570075F290 /* finalbudgetTests */ = {
			isa = PBXNativeTarget;
			buildConfigurationList = A9DC153B29FCAB570075F290 /* Build configuration list for PBXNativeTarget "finalbudgetTests" */;
			buildPhases = (
				A9DC152029FCAB570075F290 /* Sources */,
				A9DC152129FCAB570075F290 /* Frameworks */,
				A9DC152229FCAB570075F290 /* Resources */,
			);
			buildRules = (
			);
			dependencies = (
				A9DC152629FCAB570075F290 /* PBXTargetDependency */,
			);
			name = finalbudgetTests;
			productName = finalbudgetTests;
			productReference = A9DC152429FCAB570075F290 /* finalbudgetTests.xctest */;
			productType = "com.apple.product-type.bundle.unit-test";
		};
		A9DC152D29FCAB570075F290 /* finalbudgetUITests */ = {
			isa = PBXNativeTarget;
			buildConfigurationList = A9DC153E29FCAB570075F290 /* Build configuration list for PBXNativeTarget "finalbudgetUITests" */;
			buildPhases = (
				A9DC152A29FCAB570075F290 /* Sources */,
				A9DC152B29FCAB570075F290 /* Frameworks */,
				A9DC152C29FCAB570075F290 /* Resources */,
			);
			buildRules = (
			);
			dependencies = (
				A9DC153029FCAB570075F290 /* PBXTargetDependency */,
			);
			name = finalbudgetUITests;
			productName = finalbudgetUITests;
			productReference = A9DC152E29FCAB570075F290 /* finalbudgetUITests.xctest */;
			productType = "com.apple.product-type.bundle.ui-testing";
		};
/* End PBXNativeTarget section */

/* Begin PBXProject section */
		A9DC150C29FCAB550075F290 /* Project object */ = {
			isa = PBXProject;
			attributes = {
				BuildIndependentTargetsInParallel = 1;
				LastSwiftUpdateCheck = 1420;
				LastUpgradeCheck = 1420;
				TargetAttributes = {
					A9DC151329FCAB550075F290 = {
						CreatedOnToolsVersion = 14.2;
					};
					A9DC152329FCAB570075F290 = {
						CreatedOnToolsVersion = 14.2;
						TestTargetID = A9DC151329FCAB550075F290;
					};
					A9DC152D29FCAB570075F290 = {
						CreatedOnToolsVersion = 14.2;
						TestTargetID = A9DC151329FCAB550075F290;
					};
				};
			};
			buildConfigurationList = A9DC150F29FCAB550075F290 /* Build configuration list for PBXProject "finalbudget" */;
			compatibilityVersion = "Xcode 14.0";
			developmentRegion = en;
			hasScannedForEncodings = 0;
			knownRegions = (
				en,
				Base,
			);
			mainGroup = A9DC150B29FCAB550075F290;
			packageReferences = (
				A9DC155229FCB0C10075F290 /* XCRemoteSwiftPackageReference "ChartView" */,
			);
			productRefGroup = A9DC151529FCAB550075F290 /* Products */;
			projectDirPath = "";
			projectRoot = "";
			targets = (
				A9DC151329FCAB550075F290 /* finalbudget */,
				A9DC152329FCAB570075F290 /* finalbudgetTests */,
				A9DC152D29FCAB570075F290 /* finalbudgetUITests */,
			);
		};
/* End PBXProject section */

/* Begin PBXResourcesBuildPhase section */
		A9DC151229FCAB550075F290 /* Resources */ = {
			isa = PBXResourcesBuildPhase;
			buildActionMask = 2147483647;
			files = (
				A9DC151F29FCAB570075F290 /* Preview Assets.xcassets in Resources */,
				A9DC151C29FCAB570075F290 /* Assets.xcassets in Resources */,
			);
			runOnlyForDeploymentPostprocessing = 0;
		};
		A9DC152229FCAB570075F290 /* Resources */ = {
			isa = PBXResourcesBuildPhase;
			buildActionMask = 2147483647;
			files = (
			);
			runOnlyForDeploymentPostprocessing = 0;
		};
		A9DC152C29FCAB570075F290 /* Resources */ = {
			isa = PBXResourcesBuildPhase;
			buildActionMask = 2147483647;
			files = (
			);
			runOnlyForDeploymentPostprocessing = 0;
		};
/* End PBXResourcesBuildPhase section */

/* Begin PBXSourcesBuildPhase section */
		A9DC151029FCAB550075F290 /* Sources */ = {
			isa = PBXSourcesBuildPhase;
			buildActionMask = 2147483647;
			files = (
				A9DC151A29FCAB550075F290 /* ContentView.swift in Sources */,
				A9DC154329FCABF70075F290 /* Expensefile.swift in Sources */,
				A9DC154F29FCAD690075F290 /* Chartsview.swift in Sources */,
				A9DC154729FCAC4A0075F290 /* AddView.swift in Sources */,
				A9DC154D29FCAD3D0075F290 /* Articleview.swift in Sources */,
				A9DC155129FCAFF90075F290 /* Extensions.swift in Sources */,
				A9DC154929FCACA40075F290 /* NewExpense.swift in Sources */,
				A9DC154529FCAC1B0075F290 /* Expensetype.swift in Sources */,
				A9DC151829FCAB550075F290 /* finalbudgetApp.swift in Sources */,
				A9DC154B29FCACE60075F290 /* Overview.swift in Sources */,
			);
			runOnlyForDeploymentPostprocessing = 0;
		};
		A9DC152029FCAB570075F290 /* Sources */ = {
			isa = PBXSourcesBuildPhase;
			buildActionMask = 2147483647;
			files = (
				A9DC152929FCAB570075F290 /* finalbudgetTests.swift in Sources */,
			);
			runOnlyForDeploymentPostprocessing = 0;
		};
		A9DC152A29FCAB570075F290 /* Sources */ = {
			isa = PBXSourcesBuildPhase;
			buildActionMask = 2147483647;
			files = (
				A9DC153529FCAB570075F290 /* finalbudgetUITestsLaunchTests.swift in Sources */,
				A9DC153329FCAB570075F290 /* finalbudgetUITests.swift in Sources */,
			);
			runOnlyForDeploymentPostprocessing = 0;
		};
/* End PBXSourcesBuildPhase section */

/* Begin PBXTargetDependency section */
		A9DC152629FCAB570075F290 /* PBXTargetDependency */ = {
			isa = PBXTargetDependency;
			target = A9DC151329FCAB550075F290 /* finalbudget */;
			targetProxy = A9DC152529FCAB570075F290 /* PBXContainerItemProxy */;
		};
		A9DC153029FCAB570075F290 /* PBXTargetDependency */ = {
			isa = PBXTargetDependency;
			target = A9DC151329FCAB550075F290 /* finalbudget */;
			targetProxy = A9DC152F29FCAB570075F290 /* PBXContainerItemProxy */;
		};
/* End PBXTargetDependency section */

/* Begin XCBuildConfiguration section */
		A9DC153629FCAB570075F290 /* Debug */ = {
			isa = XCBuildConfiguration;
			buildSettings = {
				ALWAYS_SEARCH_USER_PATHS = NO;
				CLANG_ANALYZER_NONNULL = YES;
				CLANG_ANALYZER_NUMBER_OBJECT_CONVERSION = YES_AGGRESSIVE;
				CLANG_CXX_LANGUAGE_STANDARD = "gnu++20";
				CLANG_ENABLE_MODULES = YES;
				CLANG_ENABLE_OBJC_ARC = YES;
				CLANG_ENABLE_OBJC_WEAK = YES;
				CLANG_WARN_BLOCK_CAPTURE_AUTORELEASING = YES;
				CLANG_WARN_BOOL_CONVERSION = YES;
				CLANG_WARN_COMMA = YES;
				CLANG_WARN_CONSTANT_CONVERSION = YES;
				CLANG_WARN_DEPRECATED_OBJC_IMPLEMENTATIONS = YES;
				CLANG_WARN_DIRECT_OBJC_ISA_USAGE = YES_ERROR;
				CLANG_WARN_DOCUMENTATION_COMMENTS = YES;
				CLANG_WARN_EMPTY_BODY = YES;
				CLANG_WARN_ENUM_CONVERSION = YES;
				CLANG_WARN_INFINITE_RECURSION = YES;
				CLANG_WARN_INT_CONVERSION = YES;
				CLANG_WARN_NON_LITERAL_NULL_CONVERSION = YES;
				CLANG_WARN_OBJC_IMPLICIT_RETAIN_SELF = YES;
				CLANG_WARN_OBJC_LITERAL_CONVERSION = YES;
				CLANG_WARN_OBJC_ROOT_CLASS = YES_ERROR;
				CLANG_WARN_QUOTED_INCLUDE_IN_FRAMEWORK_HEADER = YES;
				CLANG_WARN_RANGE_LOOP_ANALYSIS = YES;
				CLANG_WARN_STRICT_PROTOTYPES = YES;
				CLANG_WARN_SUSPICIOUS_MOVE = YES;
				CLANG_WARN_UNGUARDED_AVAILABILITY = YES_AGGRESSIVE;
				CLANG_WARN_UNREACHABLE_CODE = YES;
				CLANG_WARN__DUPLICATE_METHOD_MATCH = YES;
				COPY_PHASE_STRIP = NO;
				DEBUG_INFORMATION_FORMAT = dwarf;
				ENABLE_STRICT_OBJC_MSGSEND = YES;
				ENABLE_TESTABILITY = YES;
				GCC_C_LANGUAGE_STANDARD = gnu11;
				GCC_DYNAMIC_NO_PIC = NO;
				GCC_NO_COMMON_BLOCKS = YES;
				GCC_OPTIMIZATION_LEVEL = 0;
				GCC_PREPROCESSOR_DEFINITIONS = (
					"DEBUG=1",
					"$(inherited)",
				);
				GCC_WARN_64_TO_32_BIT_CONVERSION = YES;
				GCC_WARN_ABOUT_RETURN_TYPE = YES_ERROR;
				GCC_WARN_UNDECLARED_SELECTOR = YES;
				GCC_WARN_UNINITIALIZED_AUTOS = YES_AGGRESSIVE;
				GCC_WARN_UNUSED_FUNCTION = YES;
				GCC_WARN_UNUSED_VARIABLE = YES;
				IPHONEOS_DEPLOYMENT_TARGET = 16.2;
				MTL_ENABLE_DEBUG_INFO = INCLUDE_SOURCE;
				MTL_FAST_MATH = YES;
				ONLY_ACTIVE_ARCH = YES;
				SDKROOT = iphoneos;
				SWIFT_ACTIVE_COMPILATION_CONDITIONS = DEBUG;
				SWIFT_OPTIMIZATION_LEVEL = "-Onone";
			};
			name = Debug;
		};
		A9DC153729FCAB570075F290 /* Release */ = {
			isa = XCBuildConfiguration;
			buildSettings = {
				ALWAYS_SEARCH_USER_PATHS = NO;
				CLANG_ANALYZER_NONNULL = YES;
				CLANG_ANALYZER_NUMBER_OBJECT_CONVERSION = YES_AGGRESSIVE;
				CLANG_CXX_LANGUAGE_STANDARD = "gnu++20";
				CLANG_ENABLE_MODULES = YES;
				CLANG_ENABLE_OBJC_ARC = YES;
				CLANG_ENABLE_OBJC_WEAK = YES;
				CLANG_WARN_BLOCK_CAPTURE_AUTORELEASING = YES;
				CLANG_WARN_BOOL_CONVERSION = YES;
				CLANG_WARN_COMMA = YES;
				CLANG_WARN_CONSTANT_CONVERSION = YES;
				CLANG_WARN_DEPRECATED_OBJC_IMPLEMENTATIONS = YES;
				CLANG_WARN_DIRECT_OBJC_ISA_USAGE = YES_ERROR;
				CLANG_WARN_DOCUMENTATION_COMMENTS = YES;
				CLANG_WARN_EMPTY_BODY = YES;
				CLANG_WARN_ENUM_CONVERSION = YES;
				CLANG_WARN_INFINITE_RECURSION = YES;
				CLANG_WARN_INT_CONVERSION = YES;
				CLANG_WARN_NON_LITERAL_NULL_CONVERSION = YES;
				CLANG_WARN_OBJC_IMPLICIT_RETAIN_SELF = YES;
				CLANG_WARN_OBJC_LITERAL_CONVERSION = YES;
				CLANG_WARN_OBJC_ROOT_CLASS = YES_ERROR;
				CLANG_WARN_QUOTED_INCLUDE_IN_FRAMEWORK_HEADER = YES;
				CLANG_WARN_RANGE_LOOP_ANALYSIS = YES;
				CLANG_WARN_STRICT_PROTOTYPES = YES;
				CLANG_WARN_SUSPICIOUS_MOVE = YES;
				CLANG_WARN_UNGUARDED_AVAILABILITY = YES_AGGRESSIVE;
				CLANG_WARN_UNREACHABLE_CODE = YES;
				CLANG_WARN__DUPLICATE_METHOD_MATCH = YES;
				COPY_PHASE_STRIP = NO;
				DEBUG_INFORMATION_FORMAT = "dwarf-with-dsym";
				ENABLE_NS_ASSERTIONS = NO;
				ENABLE_STRICT_OBJC_MSGSEND = YES;
				GCC_C_LANGUAGE_STANDARD = gnu11;
				GCC_NO_COMMON_BLOCKS = YES;
				GCC_WARN_64_TO_32_BIT_CONVERSION = YES;
				GCC_WARN_ABOUT_RETURN_TYPE = YES_ERROR;
				GCC_WARN_UNDECLARED_SELECTOR = YES;
				GCC_WARN_UNINITIALIZED_AUTOS = YES_AGGRESSIVE;
				GCC_WARN_UNUSED_FUNCTION = YES;
				GCC_WARN_UNUSED_VARIABLE = YES;
				IPHONEOS_DEPLOYMENT_TARGET = 16.2;
				MTL_ENABLE_DEBUG_INFO = NO;
				MTL_FAST_MATH = YES;
				SDKROOT = iphoneos;
				SWIFT_COMPILATION_MODE = wholemodule;
				SWIFT_OPTIMIZATION_LEVEL = "-O";
				VALIDATE_PRODUCT = YES;
			};
			name = Release;
		};
		A9DC153929FCAB570075F290 /* Debug */ = {
			isa = XCBuildConfiguration;
			buildSettings = {
				ASSETCATALOG_COMPILER_APPICON_NAME = AppIcon;
				ASSETCATALOG_COMPILER_GLOBAL_ACCENT_COLOR_NAME = AccentColor;
				CODE_SIGN_STYLE = Automatic;
				CURRENT_PROJECT_VERSION = 1;
				DEVELOPMENT_ASSET_PATHS = "\"finalbudget/Preview Content\"";
				DEVELOPMENT_TEAM = LD74S3XKGV;
				ENABLE_PREVIEWS = YES;
				GENERATE_INFOPLIST_FILE = YES;
				INFOPLIST_KEY_CFBundleDisplayName = "Frugal manager";
				INFOPLIST_KEY_LSApplicationCategoryType = "public.app-category.finance";
				INFOPLIST_KEY_UIApplicationSceneManifest_Generation = YES;
				INFOPLIST_KEY_UIApplicationSupportsIndirectInputEvents = YES;
				INFOPLIST_KEY_UILaunchScreen_Generation = YES;
				INFOPLIST_KEY_UISupportedInterfaceOrientations_iPad = "UIInterfaceOrientationPortrait UIInterfaceOrientationPortraitUpsideDown UIInterfaceOrientationLandscapeLeft UIInterfaceOrientationLandscapeRight";
				INFOPLIST_KEY_UISupportedInterfaceOrientations_iPhone = "UIInterfaceOrientationPortrait UIInterfaceOrientationLandscapeLeft UIInterfaceOrientationLandscapeRight";
				LD_RUNPATH_SEARCH_PATHS = (
					"$(inherited)",
					"@executable_path/Frameworks",
				);
				MARKETING_VERSION = 1.0;
				PRODUCT_BUNDLE_IDENTIFIER = com.Rutger.finalbudget;
				PRODUCT_NAME = "$(TARGET_NAME)";
				SWIFT_EMIT_LOC_STRINGS = YES;
				SWIFT_VERSION = 5.0;
				TARGETED_DEVICE_FAMILY = "1,2";
			};
			name = Debug;
		};
		A9DC153A29FCAB570075F290 /* Release */ = {
			isa = XCBuildConfiguration;
			buildSettings = {
				ASSETCATALOG_COMPILER_APPICON_NAME = AppIcon;
				ASSETCATALOG_COMPILER_GLOBAL_ACCENT_COLOR_NAME = AccentColor;
				CODE_SIGN_STYLE = Automatic;
				CURRENT_PROJECT_VERSION = 1;
				DEVELOPMENT_ASSET_PATHS = "\"finalbudget/Preview Content\"";
				DEVELOPMENT_TEAM = LD74S3XKGV;
				ENABLE_PREVIEWS = YES;
				GENERATE_INFOPLIST_FILE = YES;
				INFOPLIST_KEY_CFBundleDisplayName = "Frugal manager";
				INFOPLIST_KEY_LSApplicationCategoryType = "public.app-category.finance";
				INFOPLIST_KEY_UIApplicationSceneManifest_Generation = YES;
				INFOPLIST_KEY_UIApplicationSupportsIndirectInputEvents = YES;
				INFOPLIST_KEY_UILaunchScreen_Generation = YES;
				INFOPLIST_KEY_UISupportedInterfaceOrientations_iPad = "UIInterfaceOrientationPortrait UIInterfaceOrientationPortraitUpsideDown UIInterfaceOrientationLandscapeLeft UIInterfaceOrientationLandscapeRight";
				INFOPLIST_KEY_UISupportedInterfaceOrientations_iPhone = "UIInterfaceOrientationPortrait UIInterfaceOrientationLandscapeLeft UIInterfaceOrientationLandscapeRight";
				LD_RUNPATH_SEARCH_PATHS = (
					"$(inherited)",
					"@executable_path/Frameworks",
				);
				MARKETING_VERSION = 1.0;
				PRODUCT_BUNDLE_IDENTIFIER = com.Rutger.finalbudget;
				PRODUCT_NAME = "$(TARGET_NAME)";
				SWIFT_EMIT_LOC_STRINGS = YES;
				SWIFT_VERSION = 5.0;
				TARGETED_DEVICE_FAMILY = "1,2";
			};
			name = Release;
		};
		A9DC153C29FCAB570075F290 /* Debug */ = {
			isa = XCBuildConfiguration;
			buildSettings = {
				ALWAYS_EMBED_SWIFT_STANDARD_LIBRARIES = YES;
				BUNDLE_LOADER = "$(TEST_HOST)";
				CODE_SIGN_STYLE = Automatic;
				CURRENT_PROJECT_VERSION = 1;
				GENERATE_INFOPLIST_FILE = YES;
				IPHONEOS_DEPLOYMENT_TARGET = 16.2;
				MARKETING_VERSION = 1.0;
				PRODUCT_BUNDLE_IDENTIFIER = com.Rutger.finalbudgetTests;
				PRODUCT_NAME = "$(TARGET_NAME)";
				SWIFT_EMIT_LOC_STRINGS = NO;
				SWIFT_VERSION = 5.0;
				TARGETED_DEVICE_FAMILY = "1,2";
				TEST_HOST = "$(BUILT_PRODUCTS_DIR)/finalbudget.app/$(BUNDLE_EXECUTABLE_FOLDER_PATH)/finalbudget";
			};
			name = Debug;
		};
		A9DC153D29FCAB570075F290 /* Release */ = {
			isa = XCBuildConfiguration;
			buildSettings = {
				ALWAYS_EMBED_SWIFT_STANDARD_LIBRARIES = YES;
				BUNDLE_LOADER = "$(TEST_HOST)";
				CODE_SIGN_STYLE = Automatic;
				CURRENT_PROJECT_VERSION = 1;
				GENERATE_INFOPLIST_FILE = YES;
				IPHONEOS_DEPLOYMENT_TARGET = 16.2;
				MARKETING_VERSION = 1.0;
				PRODUCT_BUNDLE_IDENTIFIER = com.Rutger.finalbudgetTests;
				PRODUCT_NAME = "$(TARGET_NAME)";
				SWIFT_EMIT_LOC_STRINGS = NO;
				SWIFT_VERSION = 5.0;
				TARGETED_DEVICE_FAMILY = "1,2";
				TEST_HOST = "$(BUILT_PRODUCTS_DIR)/finalbudget.app/$(BUNDLE_EXECUTABLE_FOLDER_PATH)/finalbudget";
			};
			name = Release;
		};
		A9DC153F29FCAB570075F290 /* Debug */ = {
			isa = XCBuildConfiguration;
			buildSettings = {
				ALWAYS_EMBED_SWIFT_STANDARD_LIBRARIES = YES;
				CODE_SIGN_STYLE = Automatic;
				CURRENT_PROJECT_VERSION = 1;
				GENERATE_INFOPLIST_FILE = YES;
				MARKETING_VERSION = 1.0;
				PRODUCT_BUNDLE_IDENTIFIER = com.Rutger.finalbudgetUITests;
				PRODUCT_NAME = "$(TARGET_NAME)";
				SWIFT_EMIT_LOC_STRINGS = NO;
				SWIFT_VERSION = 5.0;
				TARGETED_DEVICE_FAMILY = "1,2";
				TEST_TARGET_NAME = finalbudget;
			};
			name = Debug;
		};
		A9DC154029FCAB570075F290 /* Release */ = {
			isa = XCBuildConfiguration;
			buildSettings = {
				ALWAYS_EMBED_SWIFT_STANDARD_LIBRARIES = YES;
				CODE_SIGN_STYLE = Automatic;
				CURRENT_PROJECT_VERSION = 1;
				GENERATE_INFOPLIST_FILE = YES;
				MARKETING_VERSION = 1.0;
				PRODUCT_BUNDLE_IDENTIFIER = com.Rutger.finalbudgetUITests;
				PRODUCT_NAME = "$(TARGET_NAME)";
				SWIFT_EMIT_LOC_STRINGS = NO;
				SWIFT_VERSION = 5.0;
				TARGETED_DEVICE_FAMILY = "1,2";
				TEST_TARGET_NAME = finalbudget;
			};
			name = Release;
		};
/* End XCBuildConfiguration section */

/* Begin XCConfigurationList section */
		A9DC150F29FCAB550075F290 /* Build configuration list for PBXProject "finalbudget" */ = {
			isa = XCConfigurationList;
			buildConfigurations = (
				A9DC153629FCAB570075F290 /* Debug */,
				A9DC153729FCAB570075F290 /* Release */,
			);
			defaultConfigurationIsVisible = 0;
			defaultConfigurationName = Release;
		};
		A9DC153829FCAB570075F290 /* Build configuration list for PBXNativeTarget "finalbudget" */ = {
			isa = XCConfigurationList;
			buildConfigurations = (
				A9DC153929FCAB570075F290 /* Debug */,
				A9DC153A29FCAB570075F290 /* Release */,
			);
			defaultConfigurationIsVisible = 0;
			defaultConfigurationName = Release;
		};
		A9DC153B29FCAB570075F290 /* Build configuration list for PBXNativeTarget "finalbudgetTests" */ = {
			isa = XCConfigurationList;
			buildConfigurations = (
				A9DC153C29FCAB570075F290 /* Debug */,
				A9DC153D29FCAB570075F290 /* Release */,
			);
			defaultConfigurationIsVisible = 0;
			defaultConfigurationName = Release;
		};
		A9DC153E29FCAB570075F290 /* Build configuration list for PBXNativeTarget "finalbudgetUITests" */ = {
			isa = XCConfigurationList;
			buildConfigurations = (
				A9DC153F29FCAB570075F290 /* Debug */,
				A9DC154029FCAB570075F290 /* Release */,
			);
			defaultConfigurationIsVisible = 0;
			defaultConfigurationName = Release;
		};
/* End XCConfigurationList section */

/* Begin XCRemoteSwiftPackageReference section */
		A9DC155229FCB0C10075F290 /* XCRemoteSwiftPackageReference "ChartView" */ = {
			isa = XCRemoteSwiftPackageReference;
			repositoryURL = "https://github.com/AppPear/ChartView";
			requirement = {
				kind = upToNextMajorVersion;
				minimumVersion = 1.0.0;
			};
		};
/* End XCRemoteSwiftPackageReference section */

/* Begin XCSwiftPackageProductDependency section */
		A9DC155329FCB0C10075F290 /* SwiftUICharts */ = {
			isa = XCSwiftPackageProductDependency;
			package = A9DC155229FCB0C10075F290 /* XCRemoteSwiftPackageReference "ChartView" */;
			productName = SwiftUICharts;
		};
/* End XCSwiftPackageProductDependency section */
	};
	rootObject = A9DC150C29FCAB550075F290 /* Project object */;
}
